// !$*UTF8*$!
{
	archiveVersion = 1;
	classes = {
	};
	objectVersion = 48;
	objects = {

/* Begin PBXBuildFile section */
		EB233973200CB3310061EE83 /* ListSorting.swift in Sources */ = {isa = PBXBuildFile; fileRef = EB233972200CB3310061EE83 /* ListSorting.swift */; };
		EB233975200CB5B30061EE83 /* ListNodeSwapping.swift in Sources */ = {isa = PBXBuildFile; fileRef = EB233974200CB5B30061EE83 /* ListNodeSwapping.swift */; };
		EB233977200CB6670061EE83 /* ListIterating.swift in Sources */ = {isa = PBXBuildFile; fileRef = EB233976200CB6670061EE83 /* ListIterating.swift */; };
		EB233979200D7F580061EE83 /* Lists22_Tests.swift in Sources */ = {isa = PBXBuildFile; fileRef = EB233978200D7F580061EE83 /* Lists22_Tests.swift */; };
		EB23397B200D82010061EE83 /* Lists23_Tests.swift in Sources */ = {isa = PBXBuildFile; fileRef = EB23397A200D82010061EE83 /* Lists23_Tests.swift */; };
		EB23397D200D850D0061EE83 /* Lists24_Tests.swift in Sources */ = {isa = PBXBuildFile; fileRef = EB23397C200D850D0061EE83 /* Lists24_Tests.swift */; };
		EB23397F200ED8CC0061EE83 /* Lists25_Tests.swift in Sources */ = {isa = PBXBuildFile; fileRef = EB23397E200ED8CC0061EE83 /* Lists25_Tests.swift */; };
		EB2FAF611FD4CCE0006664F4 /* ArraysAndStrings18_Tests.swift in Sources */ = {isa = PBXBuildFile; fileRef = EB2FAF601FD4CCE0006664F4 /* ArraysAndStrings18_Tests.swift */; };
		EB2FAF631FD55B91006664F4 /* ArraysAndStrings19_Tests.swift in Sources */ = {isa = PBXBuildFile; fileRef = EB2FAF621FD55B91006664F4 /* ArraysAndStrings19_Tests.swift */; };
		EB54D96E2000BDF80022C296 /* ListClass.swift in Sources */ = {isa = PBXBuildFile; fileRef = EB54D96D2000BDF80022C296 /* ListClass.swift */; };
		EB54D9702000C4030022C296 /* ListClassTests.swift in Sources */ = {isa = PBXBuildFile; fileRef = EB54D96F2000C4030022C296 /* ListClassTests.swift */; };
		EB9D56C01FDA1023000A83AD /* ArraysAndStrings15_Tests.swift in Sources */ = {isa = PBXBuildFile; fileRef = EB9D56BF1FDA1023000A83AD /* ArraysAndStrings15_Tests.swift */; };
		EB9D56C21FDA1043000A83AD /* ArraysAndStrings14_Tests.swift in Sources */ = {isa = PBXBuildFile; fileRef = EB9D56C11FDA1043000A83AD /* ArraysAndStrings14_Tests.swift */; };
		EB9D56C41FDA104C000A83AD /* ArraysAndStrings13_Tests.swift in Sources */ = {isa = PBXBuildFile; fileRef = EB9D56C31FDA104C000A83AD /* ArraysAndStrings13_Tests.swift */; };
		EB9D56C61FDA1055000A83AD /* ArraysAndStrings12_Tests.swift in Sources */ = {isa = PBXBuildFile; fileRef = EB9D56C51FDA1055000A83AD /* ArraysAndStrings12_Tests.swift */; };
		EB9D56C81FDA105F000A83AD /* ArraysAndStrings11_Tests.swift in Sources */ = {isa = PBXBuildFile; fileRef = EB9D56C71FDA105F000A83AD /* ArraysAndStrings11_Tests.swift */; };
		EB9D56CA1FDAA754000A83AD /* Lists.swift in Sources */ = {isa = PBXBuildFile; fileRef = EB9D56C91FDAA754000A83AD /* Lists.swift */; };
		EBBE66DD1FD0461F002A72C4 /* AppDelegate.swift in Sources */ = {isa = PBXBuildFile; fileRef = EBBE66DC1FD0461F002A72C4 /* AppDelegate.swift */; };
		EBBE66DF1FD0461F002A72C4 /* Assets.xcassets in Resources */ = {isa = PBXBuildFile; fileRef = EBBE66DE1FD0461F002A72C4 /* Assets.xcassets */; };
		EBBE66E21FD0461F002A72C4 /* MainMenu.xib in Resources */ = {isa = PBXBuildFile; fileRef = EBBE66E01FD0461F002A72C4 /* MainMenu.xib */; };
		EBBE67181FD0D286002A72C4 /* ArraysAndStrings.swift in Sources */ = {isa = PBXBuildFile; fileRef = EBBE67171FD0D286002A72C4 /* ArraysAndStrings.swift */; };
		EBBE671A1FD0D333002A72C4 /* ArraysAndStrings16_Tests.swift in Sources */ = {isa = PBXBuildFile; fileRef = EBBE67191FD0D333002A72C4 /* ArraysAndStrings16_Tests.swift */; };
		EBBE67211FD16677002A72C4 /* ArraysAndStrings17_Tests.swift in Sources */ = {isa = PBXBuildFile; fileRef = EBBE67201FD16677002A72C4 /* ArraysAndStrings17_Tests.swift */; };
		EBE59A2B1FEBC8FE001F2FC1 /* ListTests.swift in Sources */ = {isa = PBXBuildFile; fileRef = EBE59A2A1FEBC8FE001F2FC1 /* ListTests.swift */; };
		EBE59A2E1FEE0427001F2FC1 /* List.swift in Sources */ = {isa = PBXBuildFile; fileRef = EBE59A2D1FEE0427001F2FC1 /* List.swift */; };
		EBE59A301FEFA7CA001F2FC1 /* Lists21_Tests.swift in Sources */ = {isa = PBXBuildFile; fileRef = EBE59A2F1FEFA7CA001F2FC1 /* Lists21_Tests.swift */; };
/* End PBXBuildFile section */

/* Begin PBXContainerItemProxy section */
		EBBE66EA1FD0461F002A72C4 /* PBXContainerItemProxy */ = {
			isa = PBXContainerItemProxy;
			containerPortal = EBBE66D11FD0461F002A72C4 /* Project object */;
			proxyType = 1;
			remoteGlobalIDString = EBBE66D81FD0461F002A72C4;
			remoteInfo = CrackingInterview;
		};
/* End PBXContainerItemProxy section */

/* Begin PBXFileReference section */
		EB233972200CB3310061EE83 /* ListSorting.swift */ = {isa = PBXFileReference; lastKnownFileType = sourcecode.swift; path = ListSorting.swift; sourceTree = "<group>"; };
		EB233974200CB5B30061EE83 /* ListNodeSwapping.swift */ = {isa = PBXFileReference; lastKnownFileType = sourcecode.swift; path = ListNodeSwapping.swift; sourceTree = "<group>"; };
		EB233976200CB6670061EE83 /* ListIterating.swift */ = {isa = PBXFileReference; lastKnownFileType = sourcecode.swift; path = ListIterating.swift; sourceTree = "<group>"; };
		EB233978200D7F580061EE83 /* Lists22_Tests.swift */ = {isa = PBXFileReference; fileEncoding = 4; lastKnownFileType = sourcecode.swift; path = Lists22_Tests.swift; sourceTree = "<group>"; };
		EB23397A200D82010061EE83 /* Lists23_Tests.swift */ = {isa = PBXFileReference; fileEncoding = 4; lastKnownFileType = sourcecode.swift; path = Lists23_Tests.swift; sourceTree = "<group>"; };
		EB23397C200D850D0061EE83 /* Lists24_Tests.swift */ = {isa = PBXFileReference; fileEncoding = 4; lastKnownFileType = sourcecode.swift; path = Lists24_Tests.swift; sourceTree = "<group>"; };
		EB23397E200ED8CC0061EE83 /* Lists25_Tests.swift */ = {isa = PBXFileReference; fileEncoding = 4; lastKnownFileType = sourcecode.swift; path = Lists25_Tests.swift; sourceTree = "<group>"; };
		EB2FAF601FD4CCE0006664F4 /* ArraysAndStrings18_Tests.swift */ = {isa = PBXFileReference; lastKnownFileType = sourcecode.swift; path = ArraysAndStrings18_Tests.swift; sourceTree = "<group>"; };
		EB2FAF621FD55B91006664F4 /* ArraysAndStrings19_Tests.swift */ = {isa = PBXFileReference; lastKnownFileType = sourcecode.swift; path = ArraysAndStrings19_Tests.swift; sourceTree = "<group>"; };
		EB54D96D2000BDF80022C296 /* ListClass.swift */ = {isa = PBXFileReference; lastKnownFileType = sourcecode.swift; path = ListClass.swift; sourceTree = "<group>"; };
		EB54D96F2000C4030022C296 /* ListClassTests.swift */ = {isa = PBXFileReference; fileEncoding = 4; lastKnownFileType = sourcecode.swift; path = ListClassTests.swift; sourceTree = "<group>"; };
		EB9D56BF1FDA1023000A83AD /* ArraysAndStrings15_Tests.swift */ = {isa = PBXFileReference; fileEncoding = 4; lastKnownFileType = sourcecode.swift; path = ArraysAndStrings15_Tests.swift; sourceTree = "<group>"; };
		EB9D56C11FDA1043000A83AD /* ArraysAndStrings14_Tests.swift */ = {isa = PBXFileReference; fileEncoding = 4; lastKnownFileType = sourcecode.swift; path = ArraysAndStrings14_Tests.swift; sourceTree = "<group>"; };
		EB9D56C31FDA104C000A83AD /* ArraysAndStrings13_Tests.swift */ = {isa = PBXFileReference; fileEncoding = 4; lastKnownFileType = sourcecode.swift; path = ArraysAndStrings13_Tests.swift; sourceTree = "<group>"; };
		EB9D56C51FDA1055000A83AD /* ArraysAndStrings12_Tests.swift */ = {isa = PBXFileReference; fileEncoding = 4; lastKnownFileType = sourcecode.swift; path = ArraysAndStrings12_Tests.swift; sourceTree = "<group>"; };
		EB9D56C71FDA105F000A83AD /* ArraysAndStrings11_Tests.swift */ = {isa = PBXFileReference; fileEncoding = 4; lastKnownFileType = sourcecode.swift; path = ArraysAndStrings11_Tests.swift; sourceTree = "<group>"; };
		EB9D56C91FDAA754000A83AD /* Lists.swift */ = {isa = PBXFileReference; lastKnownFileType = sourcecode.swift; path = Lists.swift; sourceTree = "<group>"; };
		EBBE66D91FD0461F002A72C4 /* CrackingInterview.app */ = {isa = PBXFileReference; explicitFileType = wrapper.application; includeInIndex = 0; path = CrackingInterview.app; sourceTree = BUILT_PRODUCTS_DIR; };
		EBBE66DC1FD0461F002A72C4 /* AppDelegate.swift */ = {isa = PBXFileReference; lastKnownFileType = sourcecode.swift; path = AppDelegate.swift; sourceTree = "<group>"; };
		EBBE66DE1FD0461F002A72C4 /* Assets.xcassets */ = {isa = PBXFileReference; lastKnownFileType = folder.assetcatalog; path = Assets.xcassets; sourceTree = "<group>"; };
		EBBE66E11FD0461F002A72C4 /* Base */ = {isa = PBXFileReference; lastKnownFileType = file.xib; name = Base; path = Base.lproj/MainMenu.xib; sourceTree = "<group>"; };
		EBBE66E31FD0461F002A72C4 /* Info.plist */ = {isa = PBXFileReference; lastKnownFileType = text.plist.xml; path = Info.plist; sourceTree = "<group>"; };
		EBBE66E41FD0461F002A72C4 /* CrackingInterview.entitlements */ = {isa = PBXFileReference; lastKnownFileType = text.plist.entitlements; path = CrackingInterview.entitlements; sourceTree = "<group>"; };
		EBBE66E91FD0461F002A72C4 /* CrackingInterviewTests.xctest */ = {isa = PBXFileReference; explicitFileType = wrapper.cfbundle; includeInIndex = 0; path = CrackingInterviewTests.xctest; sourceTree = BUILT_PRODUCTS_DIR; };
		EBBE66EF1FD0461F002A72C4 /* Info.plist */ = {isa = PBXFileReference; lastKnownFileType = text.plist.xml; path = Info.plist; sourceTree = "<group>"; };
		EBBE67171FD0D286002A72C4 /* ArraysAndStrings.swift */ = {isa = PBXFileReference; lastKnownFileType = sourcecode.swift; path = ArraysAndStrings.swift; sourceTree = "<group>"; };
		EBBE67191FD0D333002A72C4 /* ArraysAndStrings16_Tests.swift */ = {isa = PBXFileReference; lastKnownFileType = sourcecode.swift; path = ArraysAndStrings16_Tests.swift; sourceTree = "<group>"; };
		EBBE67201FD16677002A72C4 /* ArraysAndStrings17_Tests.swift */ = {isa = PBXFileReference; lastKnownFileType = sourcecode.swift; path = ArraysAndStrings17_Tests.swift; sourceTree = "<group>"; };
		EBE59A2A1FEBC8FE001F2FC1 /* ListTests.swift */ = {isa = PBXFileReference; lastKnownFileType = sourcecode.swift; path = ListTests.swift; sourceTree = "<group>"; };
		EBE59A2D1FEE0427001F2FC1 /* List.swift */ = {isa = PBXFileReference; lastKnownFileType = sourcecode.swift; path = List.swift; sourceTree = "<group>"; };
		EBE59A2F1FEFA7CA001F2FC1 /* Lists21_Tests.swift */ = {isa = PBXFileReference; lastKnownFileType = sourcecode.swift; path = Lists21_Tests.swift; sourceTree = "<group>"; };
/* End PBXFileReference section */

/* Begin PBXFrameworksBuildPhase section */
		EBBE66D61FD0461F002A72C4 /* Frameworks */ = {
			isa = PBXFrameworksBuildPhase;
			buildActionMask = 2147483647;
			files = (
			);
			runOnlyForDeploymentPostprocessing = 0;
		};
		EBBE66E61FD0461F002A72C4 /* Frameworks */ = {
			isa = PBXFrameworksBuildPhase;
			buildActionMask = 2147483647;
			files = (
			);
			runOnlyForDeploymentPostprocessing = 0;
		};
/* End PBXFrameworksBuildPhase section */

/* Begin PBXGroup section */
		EB233971200CB25A0061EE83 /* one-link list */ = {
			isa = PBXGroup;
			children = (
				EBE59A2D1FEE0427001F2FC1 /* List.swift */,
				EB54D96D2000BDF80022C296 /* ListClass.swift */,
				EB233972200CB3310061EE83 /* ListSorting.swift */,
				EB233974200CB5B30061EE83 /* ListNodeSwapping.swift */,
				EB233976200CB6670061EE83 /* ListIterating.swift */,
			);
			path = "one-link list";
			sourceTree = "<group>";
		};
		EBBE66D01FD0461F002A72C4 = {
			isa = PBXGroup;
			children = (
				EBBE66DB1FD0461F002A72C4 /* CrackingInterview */,
				EBBE66EC1FD0461F002A72C4 /* CrackingInterviewTests */,
				EBBE66DA1FD0461F002A72C4 /* Products */,
			);
			sourceTree = "<group>";
		};
		EBBE66DA1FD0461F002A72C4 /* Products */ = {
			isa = PBXGroup;
			children = (
				EBBE66D91FD0461F002A72C4 /* CrackingInterview.app */,
				EBBE66E91FD0461F002A72C4 /* CrackingInterviewTests.xctest */,
			);
			name = Products;
			sourceTree = "<group>";
		};
		EBBE66DB1FD0461F002A72C4 /* CrackingInterview */ = {
			isa = PBXGroup;
			children = (
				EBE59A2C1FEE0412001F2FC1 /* common */,
				EBBE671F1FD0E04A002A72C4 /* tasks */,
				EBBE66DC1FD0461F002A72C4 /* AppDelegate.swift */,
				EBBE66DE1FD0461F002A72C4 /* Assets.xcassets */,
				EBBE66E01FD0461F002A72C4 /* MainMenu.xib */,
				EBBE66E31FD0461F002A72C4 /* Info.plist */,
				EBBE66E41FD0461F002A72C4 /* CrackingInterview.entitlements */,
			);
			path = CrackingInterview;
			sourceTree = "<group>";
		};
		EBBE66EC1FD0461F002A72C4 /* CrackingInterviewTests */ = {
			isa = PBXGroup;
			children = (
				EB9D56C71FDA105F000A83AD /* ArraysAndStrings11_Tests.swift */,
				EB9D56C51FDA1055000A83AD /* ArraysAndStrings12_Tests.swift */,
				EB9D56C31FDA104C000A83AD /* ArraysAndStrings13_Tests.swift */,
				EB9D56C11FDA1043000A83AD /* ArraysAndStrings14_Tests.swift */,
				EB9D56BF1FDA1023000A83AD /* ArraysAndStrings15_Tests.swift */,
				EBBE67191FD0D333002A72C4 /* ArraysAndStrings16_Tests.swift */,
				EBBE67201FD16677002A72C4 /* ArraysAndStrings17_Tests.swift */,
				EB2FAF601FD4CCE0006664F4 /* ArraysAndStrings18_Tests.swift */,
				EB2FAF621FD55B91006664F4 /* ArraysAndStrings19_Tests.swift */,
				EBE59A2A1FEBC8FE001F2FC1 /* ListTests.swift */,
				EB54D96F2000C4030022C296 /* ListClassTests.swift */,
				EBE59A2F1FEFA7CA001F2FC1 /* Lists21_Tests.swift */,
				EB233978200D7F580061EE83 /* Lists22_Tests.swift */,
				EB23397A200D82010061EE83 /* Lists23_Tests.swift */,
				EB23397C200D850D0061EE83 /* Lists24_Tests.swift */,
				EB23397E200ED8CC0061EE83 /* Lists25_Tests.swift */,
				EBBE66EF1FD0461F002A72C4 /* Info.plist */,
			);
			path = CrackingInterviewTests;
			sourceTree = "<group>";
		};
		EBBE671F1FD0E04A002A72C4 /* tasks */ = {
			isa = PBXGroup;
			children = (
				EBBE67171FD0D286002A72C4 /* ArraysAndStrings.swift */,
				EB9D56C91FDAA754000A83AD /* Lists.swift */,
			);
			path = tasks;
			sourceTree = "<group>";
		};
		EBE59A2C1FEE0412001F2FC1 /* common */ = {
			isa = PBXGroup;
			children = (
				EB233971200CB25A0061EE83 /* one-link list */,
			);
			path = common;
			sourceTree = "<group>";
		};
/* End PBXGroup section */

/* Begin PBXNativeTarget section */
		EBBE66D81FD0461F002A72C4 /* CrackingInterview */ = {
			isa = PBXNativeTarget;
			buildConfigurationList = EBBE66F21FD0461F002A72C4 /* Build configuration list for PBXNativeTarget "CrackingInterview" */;
			buildPhases = (
				EBBE66D51FD0461F002A72C4 /* Sources */,
				EBBE66D61FD0461F002A72C4 /* Frameworks */,
				EBBE66D71FD0461F002A72C4 /* Resources */,
			);
			buildRules = (
			);
			dependencies = (
			);
			name = CrackingInterview;
			productName = CrackingInterview;
			productReference = EBBE66D91FD0461F002A72C4 /* CrackingInterview.app */;
			productType = "com.apple.product-type.application";
		};
		EBBE66E81FD0461F002A72C4 /* CrackingInterviewTests */ = {
			isa = PBXNativeTarget;
			buildConfigurationList = EBBE66F51FD0461F002A72C4 /* Build configuration list for PBXNativeTarget "CrackingInterviewTests" */;
			buildPhases = (
				EBBE66E51FD0461F002A72C4 /* Sources */,
				EBBE66E61FD0461F002A72C4 /* Frameworks */,
				EBBE66E71FD0461F002A72C4 /* Resources */,
			);
			buildRules = (
			);
			dependencies = (
				EBBE66EB1FD0461F002A72C4 /* PBXTargetDependency */,
			);
			name = CrackingInterviewTests;
			productName = CrackingInterviewTests;
			productReference = EBBE66E91FD0461F002A72C4 /* CrackingInterviewTests.xctest */;
			productType = "com.apple.product-type.bundle.unit-test";
		};
/* End PBXNativeTarget section */

/* Begin PBXProject section */
		EBBE66D11FD0461F002A72C4 /* Project object */ = {
			isa = PBXProject;
			attributes = {
				LastSwiftUpdateCheck = 0910;
				LastUpgradeCheck = 0910;
				ORGANIZATIONNAME = MadMag;
				TargetAttributes = {
					EBBE66D81FD0461F002A72C4 = {
						CreatedOnToolsVersion = 9.1;
						ProvisioningStyle = Automatic;
					};
					EBBE66E81FD0461F002A72C4 = {
						CreatedOnToolsVersion = 9.1;
						ProvisioningStyle = Automatic;
						TestTargetID = EBBE66D81FD0461F002A72C4;
					};
				};
			};
			buildConfigurationList = EBBE66D41FD0461F002A72C4 /* Build configuration list for PBXProject "CrackingInterview" */;
			compatibilityVersion = "Xcode 8.0";
			developmentRegion = en;
			hasScannedForEncodings = 0;
			knownRegions = (
				en,
				Base,
			);
			mainGroup = EBBE66D01FD0461F002A72C4;
			productRefGroup = EBBE66DA1FD0461F002A72C4 /* Products */;
			projectDirPath = "";
			projectRoot = "";
			targets = (
				EBBE66D81FD0461F002A72C4 /* CrackingInterview */,
				EBBE66E81FD0461F002A72C4 /* CrackingInterviewTests */,
			);
		};
/* End PBXProject section */

/* Begin PBXResourcesBuildPhase section */
		EBBE66D71FD0461F002A72C4 /* Resources */ = {
			isa = PBXResourcesBuildPhase;
			buildActionMask = 2147483647;
			files = (
				EBBE66DF1FD0461F002A72C4 /* Assets.xcassets in Resources */,
				EBBE66E21FD0461F002A72C4 /* MainMenu.xib in Resources */,
			);
			runOnlyForDeploymentPostprocessing = 0;
		};
		EBBE66E71FD0461F002A72C4 /* Resources */ = {
			isa = PBXResourcesBuildPhase;
			buildActionMask = 2147483647;
			files = (
			);
			runOnlyForDeploymentPostprocessing = 0;
		};
/* End PBXResourcesBuildPhase section */

/* Begin PBXSourcesBuildPhase section */
		EBBE66D51FD0461F002A72C4 /* Sources */ = {
			isa = PBXSourcesBuildPhase;
			buildActionMask = 2147483647;
			files = (
				EB233975200CB5B30061EE83 /* ListNodeSwapping.swift in Sources */,
				EB233977200CB6670061EE83 /* ListIterating.swift in Sources */,
				EB233973200CB3310061EE83 /* ListSorting.swift in Sources */,
				EBBE67181FD0D286002A72C4 /* ArraysAndStrings.swift in Sources */,
				EBE59A2E1FEE0427001F2FC1 /* List.swift in Sources */,
				EB54D96E2000BDF80022C296 /* ListClass.swift in Sources */,
				EBBE66DD1FD0461F002A72C4 /* AppDelegate.swift in Sources */,
				EB9D56CA1FDAA754000A83AD /* Lists.swift in Sources */,
			);
			runOnlyForDeploymentPostprocessing = 0;
		};
		EBBE66E51FD0461F002A72C4 /* Sources */ = {
			isa = PBXSourcesBuildPhase;
			buildActionMask = 2147483647;
			files = (
				EB54D9702000C4030022C296 /* ListClassTests.swift in Sources */,
				EB2FAF631FD55B91006664F4 /* ArraysAndStrings19_Tests.swift in Sources */,
				EB2FAF611FD4CCE0006664F4 /* ArraysAndStrings18_Tests.swift in Sources */,
				EBBE671A1FD0D333002A72C4 /* ArraysAndStrings16_Tests.swift in Sources */,
				EB23397B200D82010061EE83 /* Lists23_Tests.swift in Sources */,
				EB23397D200D850D0061EE83 /* Lists24_Tests.swift in Sources */,
				EB23397F200ED8CC0061EE83 /* Lists25_Tests.swift in Sources */,
				EBE59A2B1FEBC8FE001F2FC1 /* ListTests.swift in Sources */,
				EBE59A301FEFA7CA001F2FC1 /* Lists21_Tests.swift in Sources */,
				EB9D56C41FDA104C000A83AD /* ArraysAndStrings13_Tests.swift in Sources */,
				EB9D56C21FDA1043000A83AD /* ArraysAndStrings14_Tests.swift in Sources */,
				EB9D56C61FDA1055000A83AD /* ArraysAndStrings12_Tests.swift in Sources */,
				EB233979200D7F580061EE83 /* Lists22_Tests.swift in Sources */,
				EBBE67211FD16677002A72C4 /* ArraysAndStrings17_Tests.swift in Sources */,
				EB9D56C81FDA105F000A83AD /* ArraysAndStrings11_Tests.swift in Sources */,
				EB9D56C01FDA1023000A83AD /* ArraysAndStrings15_Tests.swift in Sources */,
			);
			runOnlyForDeploymentPostprocessing = 0;
		};
/* End PBXSourcesBuildPhase section */

/* Begin PBXTargetDependency section */
		EBBE66EB1FD0461F002A72C4 /* PBXTargetDependency */ = {
			isa = PBXTargetDependency;
			target = EBBE66D81FD0461F002A72C4 /* CrackingInterview */;
			targetProxy = EBBE66EA1FD0461F002A72C4 /* PBXContainerItemProxy */;
		};
/* End PBXTargetDependency section */

/* Begin PBXVariantGroup section */
		EBBE66E01FD0461F002A72C4 /* MainMenu.xib */ = {
			isa = PBXVariantGroup;
			children = (
				EBBE66E11FD0461F002A72C4 /* Base */,
			);
			name = MainMenu.xib;
			sourceTree = "<group>";
		};
/* End PBXVariantGroup section */

/* Begin XCBuildConfiguration section */
		EBBE66F01FD0461F002A72C4 /* Debug */ = {
			isa = XCBuildConfiguration;
			buildSettings = {
				ALWAYS_SEARCH_USER_PATHS = NO;
				CLANG_ANALYZER_NONNULL = YES;
				CLANG_ANALYZER_NUMBER_OBJECT_CONVERSION = YES_AGGRESSIVE;
				CLANG_CXX_LANGUAGE_STANDARD = "gnu++14";
				CLANG_CXX_LIBRARY = "libc++";
				CLANG_ENABLE_MODULES = YES;
				CLANG_ENABLE_OBJC_ARC = YES;
				CLANG_WARN_BLOCK_CAPTURE_AUTORELEASING = YES;
				CLANG_WARN_BOOL_CONVERSION = YES;
				CLANG_WARN_COMMA = YES;
				CLANG_WARN_CONSTANT_CONVERSION = YES;
				CLANG_WARN_DIRECT_OBJC_ISA_USAGE = YES_ERROR;
				CLANG_WARN_DOCUMENTATION_COMMENTS = YES;
				CLANG_WARN_EMPTY_BODY = YES;
				CLANG_WARN_ENUM_CONVERSION = YES;
				CLANG_WARN_INFINITE_RECURSION = YES;
				CLANG_WARN_INT_CONVERSION = YES;
				CLANG_WARN_NON_LITERAL_NULL_CONVERSION = YES;
				CLANG_WARN_OBJC_LITERAL_CONVERSION = YES;
				CLANG_WARN_OBJC_ROOT_CLASS = YES_ERROR;
				CLANG_WARN_RANGE_LOOP_ANALYSIS = YES;
				CLANG_WARN_STRICT_PROTOTYPES = YES;
				CLANG_WARN_SUSPICIOUS_MOVE = YES;
				CLANG_WARN_UNGUARDED_AVAILABILITY = YES_AGGRESSIVE;
				CLANG_WARN_UNREACHABLE_CODE = YES;
				CLANG_WARN__DUPLICATE_METHOD_MATCH = YES;
				CODE_SIGN_IDENTITY = "Mac Developer";
				COPY_PHASE_STRIP = NO;
				DEBUG_INFORMATION_FORMAT = dwarf;
				ENABLE_STRICT_OBJC_MSGSEND = YES;
				ENABLE_TESTABILITY = YES;
				GCC_C_LANGUAGE_STANDARD = gnu11;
				GCC_DYNAMIC_NO_PIC = NO;
				GCC_NO_COMMON_BLOCKS = YES;
				GCC_OPTIMIZATION_LEVEL = 0;
				GCC_PREPROCESSOR_DEFINITIONS = (
					"DEBUG=1",
					"$(inherited)",
				);
				GCC_WARN_64_TO_32_BIT_CONVERSION = YES;
				GCC_WARN_ABOUT_RETURN_TYPE = YES_ERROR;
				GCC_WARN_UNDECLARED_SELECTOR = YES;
				GCC_WARN_UNINITIALIZED_AUTOS = YES_AGGRESSIVE;
				GCC_WARN_UNUSED_FUNCTION = YES;
				GCC_WARN_UNUSED_VARIABLE = YES;
				MACOSX_DEPLOYMENT_TARGET = 10.12;
				MTL_ENABLE_DEBUG_INFO = YES;
				ONLY_ACTIVE_ARCH = YES;
				SDKROOT = macosx;
				SWIFT_ACTIVE_COMPILATION_CONDITIONS = DEBUG;
				SWIFT_OPTIMIZATION_LEVEL = "-Onone";
			};
			name = Debug;
		};
		EBBE66F11FD0461F002A72C4 /* Release */ = {
			isa = XCBuildConfiguration;
			buildSettings = {
				ALWAYS_SEARCH_USER_PATHS = NO;
				CLANG_ANALYZER_NONNULL = YES;
				CLANG_ANALYZER_NUMBER_OBJECT_CONVERSION = YES_AGGRESSIVE;
				CLANG_CXX_LANGUAGE_STANDARD = "gnu++14";
				CLANG_CXX_LIBRARY = "libc++";
				CLANG_ENABLE_MODULES = YES;
				CLANG_ENABLE_OBJC_ARC = YES;
				CLANG_WARN_BLOCK_CAPTURE_AUTORELEASING = YES;
				CLANG_WARN_BOOL_CONVERSION = YES;
				CLANG_WARN_COMMA = YES;
				CLANG_WARN_CONSTANT_CONVERSION = YES;
				CLANG_WARN_DIRECT_OBJC_ISA_USAGE = YES_ERROR;
				CLANG_WARN_DOCUMENTATION_COMMENTS = YES;
				CLANG_WARN_EMPTY_BODY = YES;
				CLANG_WARN_ENUM_CONVERSION = YES;
				CLANG_WARN_INFINITE_RECURSION = YES;
				CLANG_WARN_INT_CONVERSION = YES;
				CLANG_WARN_NON_LITERAL_NULL_CONVERSION = YES;
				CLANG_WARN_OBJC_LITERAL_CONVERSION = YES;
				CLANG_WARN_OBJC_ROOT_CLASS = YES_ERROR;
				CLANG_WARN_RANGE_LOOP_ANALYSIS = YES;
				CLANG_WARN_STRICT_PROTOTYPES = YES;
				CLANG_WARN_SUSPICIOUS_MOVE = YES;
				CLANG_WARN_UNGUARDED_AVAILABILITY = YES_AGGRESSIVE;
				CLANG_WARN_UNREACHABLE_CODE = YES;
				CLANG_WARN__DUPLICATE_METHOD_MATCH = YES;
				CODE_SIGN_IDENTITY = "Mac Developer";
				COPY_PHASE_STRIP = NO;
				DEBUG_INFORMATION_FORMAT = "dwarf-with-dsym";
				ENABLE_NS_ASSERTIONS = NO;
				ENABLE_STRICT_OBJC_MSGSEND = YES;
				GCC_C_LANGUAGE_STANDARD = gnu11;
				GCC_NO_COMMON_BLOCKS = YES;
				GCC_WARN_64_TO_32_BIT_CONVERSION = YES;
				GCC_WARN_ABOUT_RETURN_TYPE = YES_ERROR;
				GCC_WARN_UNDECLARED_SELECTOR = YES;
				GCC_WARN_UNINITIALIZED_AUTOS = YES_AGGRESSIVE;
				GCC_WARN_UNUSED_FUNCTION = YES;
				GCC_WARN_UNUSED_VARIABLE = YES;
				MACOSX_DEPLOYMENT_TARGET = 10.12;
				MTL_ENABLE_DEBUG_INFO = NO;
				SDKROOT = macosx;
				SWIFT_OPTIMIZATION_LEVEL = "-Owholemodule";
			};
			name = Release;
		};
		EBBE66F31FD0461F002A72C4 /* Debug */ = {
			isa = XCBuildConfiguration;
			buildSettings = {
				ASSETCATALOG_COMPILER_APPICON_NAME = AppIcon;
				CODE_SIGN_ENTITLEMENTS = CrackingInterview/CrackingInterview.entitlements;
				CODE_SIGN_STYLE = Automatic;
				COMBINE_HIDPI_IMAGES = YES;
				DEVELOPMENT_TEAM = STZB53GU8R;
				INFOPLIST_FILE = CrackingInterview/Info.plist;
				LD_RUNPATH_SEARCH_PATHS = "$(inherited) @executable_path/../Frameworks";
				PRODUCT_BUNDLE_IDENTIFIER = com.MadMag.CrackingInterview;
				PRODUCT_NAME = "$(TARGET_NAME)";
				SWIFT_VERSION = 4.0;
			};
			name = Debug;
		};
		EBBE66F41FD0461F002A72C4 /* Release */ = {
			isa = XCBuildConfiguration;
			buildSettings = {
				ASSETCATALOG_COMPILER_APPICON_NAME = AppIcon;
				CODE_SIGN_ENTITLEMENTS = CrackingInterview/CrackingInterview.entitlements;
				CODE_SIGN_STYLE = Automatic;
				COMBINE_HIDPI_IMAGES = YES;
				DEVELOPMENT_TEAM = STZB53GU8R;
				INFOPLIST_FILE = CrackingInterview/Info.plist;
				LD_RUNPATH_SEARCH_PATHS = "$(inherited) @executable_path/../Frameworks";
				PRODUCT_BUNDLE_IDENTIFIER = com.MadMag.CrackingInterview;
				PRODUCT_NAME = "$(TARGET_NAME)";
				SWIFT_VERSION = 4.0;
			};
			name = Release;
		};
		EBBE66F61FD0461F002A72C4 /* Debug */ = {
			isa = XCBuildConfiguration;
			buildSettings = {
				ALWAYS_EMBED_SWIFT_STANDARD_LIBRARIES = YES;
				BUNDLE_LOADER = "$(TEST_HOST)";
				CODE_SIGN_STYLE = Automatic;
				COMBINE_HIDPI_IMAGES = YES;
				DEVELOPMENT_TEAM = STZB53GU8R;
				INFOPLIST_FILE = CrackingInterviewTests/Info.plist;
				LD_RUNPATH_SEARCH_PATHS = "$(inherited) @executable_path/../Frameworks @loader_path/../Frameworks";
				PRODUCT_BUNDLE_IDENTIFIER = com.MadMag.CrackingInterviewTests;
				PRODUCT_NAME = "$(TARGET_NAME)";
				SWIFT_VERSION = 4.0;
				TEST_HOST = "$(BUILT_PRODUCTS_DIR)/CrackingInterview.app/Contents/MacOS/CrackingInterview";
			};
			name = Debug;
		};
		EBBE66F71FD0461F002A72C4 /* Release */ = {
			isa = XCBuildConfiguration;
			buildSettings = {
				ALWAYS_EMBED_SWIFT_STANDARD_LIBRARIES = YES;
				BUNDLE_LOADER = "$(TEST_HOST)";
				CODE_SIGN_STYLE = Automatic;
				COMBINE_HIDPI_IMAGES = YES;
				DEVELOPMENT_TEAM = STZB53GU8R;
				INFOPLIST_FILE = CrackingInterviewTests/Info.plist;
				LD_RUNPATH_SEARCH_PATHS = "$(inherited) @executable_path/../Frameworks @loader_path/../Frameworks";
				PRODUCT_BUNDLE_IDENTIFIER = com.MadMag.CrackingInterviewTests;
				PRODUCT_NAME = "$(TARGET_NAME)";
				SWIFT_VERSION = 4.0;
				TEST_HOST = "$(BUILT_PRODUCTS_DIR)/CrackingInterview.app/Contents/MacOS/CrackingInterview";
			};
			name = Release;
		};
/* End XCBuildConfiguration section */

/* Begin XCConfigurationList section */
		EBBE66D41FD0461F002A72C4 /* Build configuration list for PBXProject "CrackingInterview" */ = {
			isa = XCConfigurationList;
			buildConfigurations = (
				EBBE66F01FD0461F002A72C4 /* Debug */,
				EBBE66F11FD0461F002A72C4 /* Release */,
			);
			defaultConfigurationIsVisible = 0;
			defaultConfigurationName = Release;
		};
		EBBE66F21FD0461F002A72C4 /* Build configuration list for PBXNativeTarget "CrackingInterview" */ = {
			isa = XCConfigurationList;
			buildConfigurations = (
				EBBE66F31FD0461F002A72C4 /* Debug */,
				EBBE66F41FD0461F002A72C4 /* Release */,
			);
			defaultConfigurationIsVisible = 0;
			defaultConfigurationName = Release;
		};
		EBBE66F51FD0461F002A72C4 /* Build configuration list for PBXNativeTarget "CrackingInterviewTests" */ = {
			isa = XCConfigurationList;
			buildConfigurations = (
				EBBE66F61FD0461F002A72C4 /* Debug */,
				EBBE66F71FD0461F002A72C4 /* Release */,
			);
			defaultConfigurationIsVisible = 0;
			defaultConfigurationName = Release;
		};
/* End XCConfigurationList section */
	};
	rootObject = EBBE66D11FD0461F002A72C4 /* Project object */;
}
